
Microsoft Visual Studio Solution File, Format Version 12.00
# Visual Studio Version 16
VisualStudioVersion = 16.0.32802.440
MinimumVisualStudioVersion = 10.0.40219.1
Project("{FAE04EC0-301F-11D3-BF4B-00C04F79EFBC}") = "kosar2004", "kosar2004\kosar2004.csproj", "{50EBBEBA-4A0E-4315-BF18-A3E88358D679}"
EndProject
Global
	GlobalSection(SolutionConfigurationPlatforms) = preSolution
		Debug|Any CPU = Debug|Any CPU
		Release|Any CPU = Release|Any CPU
	EndGlobalSection
	GlobalSection(ProjectConfigurationPlatforms) = postSolution
		{50EBBEBA-4A0E-4315-BF18-A3E88358D679}.Debug|Any CPU.ActiveCfg = Debug|Any CPU
		{50EBBEBA-4A0E-4315-BF18-A3E88358D679}.Debug|Any CPU.Build.0 = Debug|Any CPU
		{50EBBEBA-4A0E-4315-BF18-A3E88358D679}.Release|Any CPU.ActiveCfg = Release|Any CPU
		{50EBBEBA-4A0E-4315-BF18-A3E88358D679}.Release|Any CPU.Build.0 = Release|Any CPU
	EndGlobalSection
	GlobalSection(SolutionProperties) = preSolution
		HideSolutionNode = FALSE
	EndGlobalSection
	GlobalSection(ExtensibilityGlobals) = postSolution
		SolutionGuid = {F9EB507A-F0DB-43B0-97DF-3E00E6ECF3D3}
	EndGlobalSection
EndGlobal
